{
 "v": 1,
 "kdf": "scrypt",
 "n": 65536,
 "r": 8,
 "p": 1,
 "salt": "ce0163da2835e8a66e5cc7f1f7cd8513",
 "ct": "ca3a10139a4d210bea8b463d16a86cba62fb8e83a60e1e5e879ae833f1eadea116ebcc00655ef9abb60dd75f88eed906e59229a3e19bbe2c6ad2175f28d3f9b64d522ad0f93c9d939a284d8f07e6299456b6373eaf99802621bc69f2a081b273d15e76ab60166b3d4e3bb8992c6e0a8a97b5d144756923c38cef2eb578a062be6f920f2a8bcfeecfa6b8e9aaacf3c6362c01eea1e98ac5831ae3ffe65a8e005ba8256a38fbe1edfcffad3ce91cab3498b976a822c337a6a65da251316dd61f246fec1ce94a63d035b8746fa0a998b2d7fa3bbdd851bed289b658ebb5d4bf8aee951834cfeb9685d7ebe9e3d1106fb07a5165617ebc72995e81057de37d28549f10f92fdac923a872d785e755ee26821f351e1c057999a57c7772146c962df52c8645232c7d052785c8c0f8293f7f0c621e508b98ba0bd4346c145005fc4ad5efc3fecdba9402fd5451c2330fee3703416fe29372650e113bf65527dd1ceb6d26e85145d372f6b1ecfad48a21a65e3fd972154dddc9106b7efdffe57a1698592e195847b54a322b619bd568dca6861cf9e9473f210087e85d5b47cc6ec1b5d3af23aed91c92c09ac35b5302d46d21f19b61fb4032b2652d5a1a68bdb66999e50f5b33a7caae654947431abcd85779b1178ca1043733a41bd520e40f4b937228e21cd7391e6c5b65a9e64076aa4db54941b99d6543bdb6a1d5b7fc7d2a24fa0bbaa766120fe4331d3ddc7390351d138fc5e2d25d916e0f46cb509fe15e9d69d949da56b58a13ff1aebbac02e6ab7ea7a4aa0d888c4d8cdc49e27981330e913b7fb422dd453218f32869523a03e888a6c898ce9745d7d3cf14d42f9358f62c0e83b7f171cf24e6bd57aaab5792b8961ef270990afed2bcc89a4dbdac25a914955ee008785d5244beae063660bd282f1d82c7c40454a2d7d19b901f309c6d5d59b2b8fe9ff32f360191e027c942f92b2fc554e6b70d4203de84a4e306087fb85340101d5673bd15c90598b79f1e11f4f5861963e7d7be53662f3a45eb49a68f4b480fe3e1988870e542ccbc05971e5e30fdbf02dd832fa5be7e783eb63f08e72a77ea0cc0c6f6fbf2c3eb4fed7a61de2e8ed5bfeae0dbf8384d806c393491a6127d6a67b9cae3de036e9a4c770f11c6890ac2981665488f087f5f27e32ec0e85e4996de648547cb153c207336d24ef1fa82623c90375ebcf2a44f2dc9f5a53e30fb990fa3c03c970dcb44e245261ad7ddbb8e52c46f8ef23b0517e045350325c5932d9842ee6bae3971b3df54ecc2751085065154ab0a3049b0be6b4bbd217d1954d4b0dfa19fd7ce0286a85d57f8b94d56bd9ccf29928c81fb222670386f2e7ba475cbbb19204b6b1411ab1f8e0ac550a17197dbd635edbd46f2c628ddc2a8c251e4bef08a44dbcff6bd1ff4415edbe535d3964f1facfe697de44c5461e4b09e79d2481178453424c14d779c3d79b0c788b4e4c6847c3dd7f9545f3e03bf36870591b18fa08a8d327cd99f4c3259eed7e9b7cb3cd98ff1d69f656b6e8e4feb4ffc2f0321946022aa20843193c27c2322e5f320208f8ef0fe6b2b160dce38d3ab655888ced93439d408d0dac9a707061a7046a6ed03cacdf51a2709b79d931ac02e4c75eb10b893adf5a208e3592f149d9f56438d7003a19109a37318c96c019dc95c21830b03b6451c6f8af4811fe368c069fa20e2f564716588f2723f4a7a4f886d99f988b919f0833c8d518aac88fd3c1e09d113a98f9eedacd5d181bd7952c59c69d7d1232cbec08f4edc5f9113958c530750aabf8d46ab733ceb76e2d33528c78d720eacf48787cfbdc432e3a189f20396c17296cd4a4fc51a0b24a3c09a9e9c799815873725141822bf1eef03b7319faa07870894fef94aa9d28a70270aaf0bfa69d8522e6295edf1f300c7517942e7951a709a28138946c7716c44a6f457de4198dd392b1b71a3fb85bfeffea7175f7b78ec68f5c1953eacf0ff9d992a17282d9f826eed1b130d3e4fa6b2b64e22ccc22f185096cb8d7788aac7d6f2f70e5bd1b67cbff8d353d5797ca2d0795f8e1875a737b0a73a5aa4cc77db50826fa9b24c5e0068342fe23fb84fbdb4e34e9425f2e45c6217eb47f63b0471e2ebfb6c2395f7c7df66399722d6a3cb6a0073bf7e6cf1ab3464484696bd7c7d8e99827d1ea18b496c16540cd765cfe92c2ad6bf932f440585600604f2a64f8a923be92f36a16502490ecbbfce7e4a73c648d8166a84efc84641ee3ea3775cf04e3869ff224939bdc5f02d8f9aff348153d45951052a58fd6ac56282dd5496766c0080a0a12dd80a4be1150544748e213bc224e85f3f58c5c3458b2bb0ff338d01d5d14c2defefd256ab683ff5305e7ea137ccfbe303bf3930532feb7a09d5fc7fb088af41ff2ef216589c50d416b2a1088cf28f5aff61ecfb55d6608f664b4c18f7b402139afa2af885c2a15775d95c914345727acffe788f5f23a1b04b2b505055391cbd2f1ce279946b9143bdc7185ed6df92c92427ca0485db71959abd16756ab9baf8ff2de4ccb073554f0a46f0ab2e1d55d6e7f1bc280d4a425e4bab1966ea652c8e859501454ea62f96417ac7491724f7c7485460d2a2f74046b7a42ecc1a6bd1ccc37a3c0bec99508287c2739a3cf90a5ef6e4edc205ec092ea69414b28868413e6ed46c77e4d668715a23bc65e33823c162f775ca5589952c0dd018892f1d61214402f9df99fe42a28dc4fc4c8ccdde50d92fd67ca4f0135e198f3bc4e376e84f624b88638ae2f0ee3f8ca7c1ce7f8c03a9f3bd401997c2260e9392ab6cd07ac9fdddeeb5513dc784687c5ab24de8f691adb0e5b22a045674d337fc36a21d2f61f6307980d2fa574c1a1db0e58e5d078b14e58e89fb020ef6f15a784d4d19d51d421dea666c7bb7550eace78b7c55572b7998b078eae12f59807fbec356ed3bb076570e753d6392e61b32d0573e7ac0c030d7ebf562ea12f8e517c537a29fffa6933b4131d89a358ecf5d1c0ccbc0553d17f7f7ca13dc37b0173e363d70a33736a3127fbd4ae8d3be21bd3ddb9fe9bb59ff155cc77232c218d5876d5c3a68845b4d1cce3b814deeb42c5c90a882916af88c53005a7f132360a016394ad1fb307474360c235545bcc1655e10c0c5df561ec83686f766e82925de353604a951338839696d600f55dc3bd5db4772424ec317bcdd1ed18c63e945746cfb494d25c02f064d85fddbc8baddc9fe9c40dfa43bac8d9d7e38a01237d7778b7933b39670fd28860b8f742283d206543f243c03f24f3ab9ee87736cd0150838e5e762cef1dc36398fcaf67ff0266f46665bc56e00138e3f16fab8704f4a61246ef94f302b504c2876d0baa6843f3b8cc1998b7541058a396998567c6c43ed9dc95aa517d1511ffb393333154ceda229001e11f9a7ef287aba168de7c1856b922d1051fd44a24d8db3157bdad3b5c5779185aa8d9bc72c24e55c062ec88892ba9d29b231ddf692c47c469b03fb733d8a2ac26349d12284c5183eb1d84c4eff8c396e2f638bbefeb79164927336a2e23f1b851aa828243551c8b42f4f4b71953495eb8ea33d822a43bd5fc289c4211025103039373c94f42e492a9728a2065ce0bdb0ea580d518007c9f57dfaf16af016e6e2f25168fedaef4d4b1d739c6cccd84a864188baf6477c40df6de86e7db23c494f64a43d6915914ec0e920610242b92cc1a0c73db33dfb8fdefea73d1951365487bbf851a8f9713b5a5c7736b5418ef05ccd2892204029d3b40ecbc763ebf2e82628349d6eab4588b0a583d8f547ddda8b7d7af2433f617c9a1005ad3e8c514260f8412ccbd8fcc89d20cf6485d4d6cee6a91bd3a16461bab57f64d57a605d420be6771c56ac6b24a909fcfdb05f73a47c6564dbddd53b34c9acdfdc3fc7cd8841a13aee7e7f4f2992ba7be2b96b708d05a40380110fb8bc226ec1016b1270b56164d7070a1c8ce73621a039178731644af5adf4d86bb7e01d8db2011601b96cdafe532cfe1a4d31c274b9d1de061c42dedc5dd1d41d7e2a0aab2cd73745fe73a6c6ac4dc41ba6a042b2c704ee20cf45090d55436e2027a0aa6de7e94ae72603c510b82e64f5243547e0a039bb3c6023dbf65effbdf4915b48c4c0bc4a984a5d3748bcec38fc8225a8c173c440ae65206ae9d4a9148806241e745077f94e45b0cd915f0f4c15a0ba32044d2f90f1613c952dbdcd69208db959edbb0ed5497378f47d1bbe7cc3cb84e26aa28055988281a57735a0329fa82f9bbeae237d06f721c2832bcfc0349ce0889128f6afc1075fc6f4b34a426ef9d843419a182b3761e4b4cddd913eefc32745fd3d36f6241767cef541d64a8aae74259facb0855ca3b4132cb114f41e757072db43e0f90dd0a1ce1728aaf8a849337ee1ab156a556163fe4d53e71617206d36aa1cac0f3a7935e9fdbb21b507498bb31a45c06a6ea2a860e3593e761cb0605614aa1e0a5e464f708220378825dac8333cbd686c0865747ded39c4f31ba6eeb1ff3a199265aa1dbbc0f7aa83681df4294eaac87e7de1cf486cd9cf41e49013f31f6fb2d741ad1f4976a8e3b5ca38023a9ab4c0d1a86079a7fad6731d3c3abf56a6e9b96c6d7d347bf90dd742772a0857d77d8174d90e09d1bff2ae110d0771a3c975bd736fc57da4f8097516ea0b331f1483359ef14d3ed8a3020f1e8889e8e005ba2e3d56ab6c1bb3ce26b89267073e154c523a670afc69dac3404f2ad92fab89fec611dcc60e968b1a0e3419d3daf954bf3156398bd115372197621fb150b9354a147b083b3c8a214d3e11b0da3d3d6df8641b83947da7b4ae380350f2bb03b3f3f935fd21dfa99303604feffb6a035c2ea7b1425681a2a165114fdd72aca998f89ce77c98de64ccf09ba6afe551e139d1be95e3ce4f93866dfb0cf9037de00ef1b7bef7488a324780ee09ee4f8f9723465a6cd31af6d2222d2bf262ed234d1d72b55182df75a7624a089d8f7d4cac37c71f70eb52b52004935ff0f2e8bea5e5190c8146d80c81f181cccf5c9348316c362eb19cd35adc299d5facd3d15707b135000c83ea72811da44416cc3d20c507f0bfadcdc98a491dc59267fc0578d86e771a8c11b3b5d0d286b29f779b2ccd90a09437b1fecd04ad2e3a87e3f5cc75d256db8a1d3431415624ead24d825c84a38c59088e4f94293b7c66f524d10e576fa0e7a600223a1ae4e439f6f931c307318cd7677ed297f0af8bf1302779b1bc4cfc62dde430a1347ccabd6e92644599d346cbbe105486a12ffec0976a1f5431cf1e434ca7ada88b39eadb5f0e818c17102eae4a52f9b1f91f2f5ee9a7e007915e123a512b79953a8bd5c688cfd19b7fa1adf287878f59aa6176b62b61cf720fa6a958107e6a8f8ae23f5d9c28b69e3e2eb8d2ce259a7250c64fd33ea233e46c31654679bd02981579d55fedbbde7ef44f0a95e002fff81da2637dfc95aac3efb5263e71791ba198500a732fc7f18fd3b00e9524f769d1da3da34db38c6dc37235d0aacf8a20359fc02690f0c9fddb1c8f039b9799ffdf22c6234d0f428f9a9f08f6479f0299a016366d6702bf10399d87ef9fec2233c08e4307f8214123a214cbfdc80b57528de7659cc9ce6d9f269f0bfb2b03719335298a0a6e853bf1fe5fc936020627ab1542315736ef4fe228c3731471409509c5d240205809af18aff441e80260071ea6172c96cb5365178dcc1679d5feadfee1e5a98a87a1615d9199a853990ba4eb6dacab5b666b1e3c8240b6172493a631dfc876c42a8635989002842dde914ec039cea5fe7416499f22970e1063e07bdf945ca21364641a577bb3c54dac5762008d5968df6603a44e5f19dbf9aff086397f1bc1c447efa343719f1c5b8b94b0a95412bfe4229bf95e1bd3389a3120787ee9ca698cf59c011214e0bc971975beedeec416d496a5b866a344ec62943fe34c0a9ba29e75558448ee1991fab5439aa3c1f26f29e50638ddeacfcdc34e12af1d97f7bc0c19c01a3cca685cdc1d120e0d2ec921557b6e3526c47b0e71aa954e287a7439f4adab8fce47ccfb03e1f6784c00fa5e826ef0f0ebd2dcc03a7442aba4698ed9d1f6cacea60913211bc27f359b723da8097e7d2a3c851f40cda2296e5f98c8450be6c48589327c0a78d5128918d8872036b20003f698255064bb92835876ede0a30fea1e2c06403e3b352aef39cb513a14685d14b0e77175f6952a71208fbd342bba7acb3176fc1e62e7e850b72dd034efcfb49bacb107c640c60918cce29065cbdb648114dae3b0ad80a5e2d63c9156229988f19166cd3bbaf9185c8a7445d6a583eea8224ffbb4f046b69db8e697090a1e68e80853b7889786c521fd69e17bb07857bccf13dae2c22b004e04f3a07132f22043ae7a8a373bd5b6af2f0aa16c3a442421b98dd0a6e28bad41cfbb3d07b052d95d6bfeef505e88139bd3f9a8c8a3a67b86b19302f90632ceff03d088dec260daeb6fe121962eda3ed6374f0d3a527f6ee02be9c256ed0666e384188395f7f74c3fcc72337b038caf602b0a1fe5005c629088394beb83582dfd6460e6e8292b090b22b377c20b7e71ef06ca08e50c0b7a036b3907eaf3623c744131b1b0a05ec4df3d537692300d71b9432b4e3aab84ca1656ea854baf4b6401ff053f0b41da2f889e37d7d0e1b186eca7afbbeccec2486bd407e12064cb8914b49ebc7f0c574d1f79305b42091592eabe605dd3c9734291ae39e0382818a32463625139fcc78a9cc9176d974cd1ab04747ea34a5f0f52ec491de027ff06060c6c8d6d907fc8cd80b5c028b69a8e716c2ace30a3cce1dcdfda6c8d1ed6bb3d8200591cca15cf4bb89641caa631e0b02d6bb859095241e7a63f2210d3c9763d90f28c2051a3b247e6bd34eaa691d20482c6f01b8a462a49168c864d010ab28232bcb0cc7238a57465025566daacb4adc7580ab65250eee8dae0cbc66eede0db4cd8df7aef8a8b48a6f4cf5b8d287120a506b8f1f44dba3d6984d146d1ab394f9217f60d4ed20953cea9c6515e21b9603f53d8fc45c767854238bbeb3b6ad72cab07783ae8c9e48f149fe3d16322bf50c4ce5f84b531ad4a725c7ca90c711197618a9f33e569d9088218a51e84078b9e6a422d9187b456b8dcd21e1fd1ec1cae82b6d14155ae440bf2a79cd7d704776cf83772eb744c916ca5eb6879e78bb7499526c0e2d2d660f2dfdad7df882dc1afa21905abfa51de5e1001a82e40753d4a695a64c57147ab1c6a699b7ba9f63d78627b025e656f8bc75498365155bb572cae5d8d2ff4146463b88fd8878bb52abfef3ce0f4e96b34d0f221d8c808ade7ad72f6159890c15928fb678d56b034307b62f9d79bfa8de71ca0dc72ec9b95c61f6159f9d1fd237b19bdf9bd345a5e63aad34f5112a1bbe14cd3365dda41892850ec421f5a89a71eb7632f1e0c1b95bac94b90353321423d52e608aee3018b690956780db975941f6ad46d5346c5f531ff4064145bc4dd410a1d7fa083d4d2b284ba8f8a7951304ca48830fb39b79d2e66b50c956ee2315463d97098f7483ae35d68309e64dc230ee084dc447327ceb3af9e6183198b7134a8b5a9f1b4ee805d45dae7a576caea2ab4fdd3466571bb6fa453d1e9084b30db736dfa3476e7cd6be1229fc7f1d68ef071fae3188f2fbaeeeddc6408a58b3b6387d33934c16d903ca50dd7efe139f1cb5dc43504f73c331b9ef2ea3dcf15d59cc8cdbb99f18266a5eddc2af8b386f6fc5754ee4448da7ba7208b7cf7ecffc5027f3eeafa17d280ca4b5391cce7c0d38cab46616edf1743e02a0cc1df682f8d276a1c4f60c54cca8e7bb86656d1b19a1ab41618b176a7465a712fde29ca808143dcb4b8acd28aee5fe96e76ef28c53f08e29a700c67f1b3a5280e8648ba6913885777dfffab4f840af8bc585f78b279bac56e408762208d2bbceb39a23f8e759458c41ae055832dd0b21cc7f571d798c7e7c62cf81a682dbdb0b9ef2a064669f87b5611cb555c52392af4b342ca542ee405e4c6f0e10f0722d79fb862911f91f9286b00a6f2f2757021c589e01397071675fe42d97ae34657dff9df48df13634e923fb7f3c1c3dc8d768c6b1f2d2f55b85ed3485b044cbf671994bd6ba8ef9c5221ba5dd67c02e04caf2af6cab3fc300d532e754c2469f7e75b88a27d50fbc0dfc80ccc4eb88546e96d3304acc0826f648453b073633cdd4dda61f9173a21ff5e67a00e0c9ec9086474f85a4b5da4e0e646f8565cf596e5d723475ccd8f5555e86121a18028f9af9b48ace178b9fcc51a5eb5f47f6ec244194f953cbcd55394f2faeeca9fa0714c77e55d0ba55de6db6ac2343a95e1ac29de5c9a0fa829a55e8231e6aa8b7fd27271d1abc7a63c3afaaab70535f4b039639c3f43e3116ddc766231ab1af71c50fee546dba7f5b1119c82ab152b6f4a282de1e49c5c0be3b1d36d9f63efb5a5eec2aaee797397fb036fa189f15686c59b265b2e98f43af1c4469ff57bc941aade0af56716a1192aa09e6e54fbf2e8980559142d85b740d23d6d76acd75173cfa7a52abf7aec5fe7c4fc3158e28a760593638fef847aa35f2b682cab0cc9707173feb75ffa9a8dc715613ff2090db7aee04b17a8292b5ffe89a371c2e911e189e60140e6370e0e33b4ca97481e18c29fe31f80e5b3afc60ff93fde4358158be51e9721bec6db65ebac795b78fd9ecef856b242f81ca1f3d6cee0c50449c3786fa708b69595ef9094b0987f3718f1e988fed3dcef6435e5d8d88185e4f2a617c4075139eb24e37e9583035a1c881fb9da54c2ead5258ed00db9f302951198d9eacfe9b745c147032bb644365fc39b610c1da922ec4e71eac40c527f4826921c0fffe75e08bdfb222609e1d2963acdab63964962c7492c9860c0488acf056dd9ae517d0964f104be75d051c81a84cb540cf479ab0209b1becb710f7121a33d456e1b7923d6329c0c1fc3a81be55b15c4ee50c08b8e03583546c9b9b80039018d4392feabdf71e5ae65193d96a8cc93e9b36a6be2541497098c8a3e13b093b8da17e555143f25ba7a26beade0577f76f5e3e63bc45f71a9b95a495198ad452c0a87f2c3c93b8c61f3bdfb5d5266d20db3615bfa544e07f7bea0dc3dc8427c10e8227af5bfdaee511985a4459ed072cfaa99ebc9784b0017c7b366c161a787b969026b5bc4c86a02ebef597129066b1fb289282e2c02d080396845438e9d03efb82198a89279c47a4d4bec76d2ab7f8fcb892706727444b693f61501973333d051c596dd4a67119c5b0debda54a8f2bcf85470f8a22c13a86f46555fd9543503082bb47482008728d9b53988dbadfc63e72119115ff73d09b3b3c81c50b4e6fc30efa52f1946bdd9c5e82c4d467630dbd79ee9a10df422b10492a657820a8fc8e79bb2b33d868001e472877f482b6462b956353bf2fbef76a181b9375677db9c33e89124ed5ca75104b19fc9613451787381926bba901dee571303b3effb4126cf26edee0370dff26e750ae24cac2ef40d937494bca00b799c76faba105f908846e15cc0d1f4dff34eaa1365aceeb54eb2f103df3751a566a0e749bcae5fb30cd7391c351c4a70cc4472534a677a058d77e4e74adcc2cd80f587694aa74c9c38a291c403ede6ae56adad69ab44e5954b3cfae684ad9cd018bbb21393534d1c5756a28ad608b78f3239307cbdece1564283d278913a6bc7b8aa3169f2a5fde48959eca17297ff69aaf04795984d0ef7ccc6b4cc8214156b3599ba3f7929ce54d771d95b36724128ebe69ba4e265890bb6799fa2402ce3d59b0b44ced988582dd6a899abac66e2c659b4abefdb5e997f96abf5d6b72f77520497a393f1bd781400cf1b4d146b2dd820f16bb1baac9ace0e78c5ac974f129120e90719561b518b649816bce9d9a4086ce8be79a71515fae11d38985fdcee554f4b511c86f110c78fda3c8a637840bec36044a12c575b6663d360da701482606a47f7aed7f5f8c049015824fd26627eb43fa928f3fb3f2cf7d44e3b9af209578f47f8661bc2cd5683769f3dbe9020807fac4bb5f4f8c6b4fb49a71c976a60b49d17e91cbdce4a8a886a337d365f90b030bafc92c7343a1defb1ba8c899cd91c40f01a71fab3e476d0259f2e4a89b2475ab2decdae0e7653d7c4840f7d01dfe2b13b8521dd1d92f60c032b5442de0790406abe647634a847ef3dfa19e145b679cacf9d220e8d357a1f9100a08408f2f2bf40c253a728dc64e42de4b438821030459ae51b5115715455cd45aff691d99e84717072d52d3a73111da330929a4f396929216aca46cca4cb892ee6c937a1b5a2d0ae3e4a659212679a3d443a9e35bd2e7b73470c0313d647819a25c252b9c4cb746ba0d1438d1f7180aee5995962f6840604d0ce53ea4bc4d1a46f5a65cd798b16f43b620ced4b207919e88986cd650318820d1be66f75025acd0c59ee2010a40386f724a6031600471792505955b86ed923ac0bb7e3c25bccc54d84e2a33b1b2dbbb1f01713b282afd662b1ec9286f711d20af2c7f16818d71f28e6fb4ee7190e6c524b1e90059f62cee174e3aa892ecc977289e029a580cf1f37fdcd71437e178378550e8e3605269a918a53ba0a91fb8258c2e2492d9226ec689aaebfc00892bcbc5c4feb1cc1d63a8c5344b31e4ddbe8509c121562e83718f92e21ca51007deee443e8a392923b6fb692c1d8e0ad0280959f113500df77b6b8f7512b354e183b823a9a92207c48256de52d4bce5e4a4a9eb0a91ee3ec21e09f96b7753e8fbd1c611892b2eb19cc3fc0bc250baed00790449e31d19388d64522515ef7321fd1cbaece534a106c5d43cfac0d15a12ded8d78bdc9c6e17274ff5388f2f296b19d3cc916e252dabd4493357d55bbb2f09fc03656296003be71228f482be16ae02df7678b83733a117892177ecf6d791ddce4674d13276e4ccfec98f539ee0ea40023f5c22c13ae80cad306505d7ac8ea74216aa6f478868dbc5a7380cf93df2f40d02bf2c5c8a36c669c61cabf5a05c0f51f19cdc308f3216c853747ac18cd01f0166f5fb0b3f871ff5925067575ac0537d089006c923e7b4f3c5bd21c718a5e936f93191c0ca6f924e76d1b98edc0c6421e15455fb6b0d970e69fc6e95bc2c1950292868a2c4857fb31ef43fdab1dd3d75fa5cbce3f44853056f3212183dbb5daa44d542e4a6b97e65b062859d0a135a87d368922bbe9dd606c446e0ce673bb55c311bb7bbd83edc27f957505f642c5cf5b66a0446c18bc2bb897c38fb5533ec16d8120cec0af79d8adcfe38cbd87dae5b59cbdc6f09ad61899f967f271dc337e6a3ce7a78b9bcbe7f8ce289d3e7996a6b7e5ccf339c7d8ec3ed7f38f07b8d7a79b1d2c9ea80689fa34f18edfb64e4dec6197055e5999e23d7c5e3c25d78f3868bc65f8865f047471b4e61758dec67369e51fecc8347f1190619fdfc64c5dae0c4fe3f7880da3baed643b300761fd25f3b0e6e3a5260d99cbdafdcba15f289e469917e9653569e7495d9a316258cb079e4d6c6321b8f8cdd80849860c6e0c8ef6d9c95abf3061d5ac9dcd6390e7da98769fbcad8ba450e796316cc431229f461be26a3aeb864eb001a220d57c4d55f03ef182547e7040ff41d7fd8476c54b723b3d41eae96497c071ab4d8740574f123e5e7b53e0081717d50f25ea048900ef3ea37c6ef7fb5463a1ec4aa71fd49c940161d93ae5abd31e5727269be08298ee3c331a70a66a843ca59ec1428796f6e4425b03c4ba8c7adabf52a441c4f001f9ce9fda07315cd03c4723d505606af2ad4ec36e0e79a1b997a6e54f17f23d09808bba8d560a36c6764af13317ae0461a9b36f9fa44c10de25da7997a34f94db2630f0fce28bc5d09e2bf0c7335ffcb18500ecea83c8796021ea0125ca1dfde8dce3ddedd61a912efbdf6f323d90fe5bc8bc527afaf51ab66bda8dc0935457c91a724cd29382920b9f67bf3f8baa9ef919d5bc0395d0e41fc11d444d9ea582c5cd9754dc402d728514f0d5a63981a3e2da7686a986a648617ddde61023dcd58fe9a5db19b5888153c7a3b5e95de7747ba3b9f700bcefada77b545aec045b8935d8c1612ad9cfc74f4b352e613bf2869d040bbcf2d994040af9c0c0b79b40530106e9566f8fe1ffd500cda75a3ce88bbb14ae93fd78d8db24bb18f7e8d2f1e190ad747d3d10a3e223ac7665795682389e1cec29314e0c9a24de35a74607b86ad6920fd13509ad0dc80977d4a43642778334f1badc9c505b307aacd4f30b4cf09ee110e72f1c158ecdbf27340c0291350a91dce70b758f0c4a35c18370155dbb90a890067f6909b3a86ebf97d2e7df5f307a77a61658832dc838198028da0efb1fb7ec86ab332a9bcb1f38495d9296b4b9c84466b84d8bb30879b6c435b197c3410dadb5b492b82b480410188eb4141fe864f0319320b73943f7bacbbc188cfb8716feff3198bf942d1eec1446ec9618afcf97997a0d6e46bdaa27adc7ab36258e71f2328db466c0a0234cac65d9c60f5ce3450bc056ce148ffc10e987ab22b0251673bcb22a423d09cc0f6330306566179ff41a0144ad17fe3ab8c40847ffe7a781e006fde31a0cb20d8917a1548a9ed8c3fe3f2a35d15479d50e1d4065715b316dbbf65fcdd54eb302fc1b3c1a4a8178a0ff8ea744bef86dfb9ffb29e8a7276fa21fde6ff67f5afd265a3e98cc5c58dbaead9a636e4af0c5d7f4c337a50b2c7e8c3e8f9abb2d8ee2dd27d5bc5dab13bc370e345674c28adaa8df80ea75619add89dd6bc9d545cedd2dca34f8ddf26e5f27fa5a5891e5109b5626daee729f7a91dfad2501c057c043dbde55e02a2acf96afde14a5bcd0bc5dba300130a8f7ae806cc3e28799d9f2d45a3978ab323477ad5a2d5f11e8ba7d9aa4c13dc31795e1dee6f3d3e0af79b5bf5c66a02b7683651405294afa376d0026ca56b88d38e3aebca480bd1a4991bf41bfc93ed84caab11c18042c77e7e722e77cd6681b3c832478ebe48f5f0bb7dc17258be4b913ef13ad9d38afa479ad638f3ad0ad6a0ce6a15922f7ef39c0bb9468034100cf2f50c29099d4046ae50b3cb8ef58e8cd65db41627c7315de96f197b074a570135ffd326a3f6f07577c75366fcfdf87b7e42474ce9c8e7822f6af9b7160c61577ecfac4ad817729cc3cf4c26184693a262b1626a1321054f9dd9008740508e82f73fac564bfa4673a04a6614a91cc9d81083f8c3371d41bee500271d6a6206c7e3c0c16d5393c801eeba1391f780d1483e8f87d346a130c3945881457a6cdb192290155ee7783cc7337908d25dcff7a2032f7b943ddc45ad2e1dd8af50e4690354a008c79e422e6d83d073634cca145051da5cd44d582d3072ae60dd0dfae21e9d56fecff3682e34aa7fa8c5d6d1ce793ac7cb175d7d3adc51b51cc33a541709b8de16b741d965c56dcbf82af6371a3eab1d6bb28a5f7c56589aada51e5de54c12c2d5289f0b6ef73abd7bc877cd4139647bb8d1ce799265f69a6b03396e76d94bbf60cce550cb21360de4b154c44d037bd41a58a1d626af0e91af2a09fd79e3857db0b7823eb5580e976218e7054be8d9f91508aab416e580165646356ec2d81733228023a69a9d945e8f236aa9dc575835dd08d2f6de3ebc39f7a78ff6c2d492f0a1cdd71a9b5ac26d8df4e25747cdea0fd47f1d19e34184fe74f8078e14ff63d257a19add6bda0f2c8d38332e7a38fc3eb9dc888c9553ed53386e04da1052552fadf32fd5cad80d52075a6c4e58928aa158a181de0483747072ed387f2225a8299a142b721ac64f8874961624800ef754a3ac65ee83b9a820f5c9c9552e6cf665fc5bee881e330e39033139bacd88ba2024009a5e22d869298a8797cd39cbe7b9440974197f02a05e1e4b05f9e5dbc63f6dec2bc7fc618fb0bcdb5b2bfbd61933fcf4dd35c6cfb51ebea3ed156ed72250ad197c5e1e15b479638fa06977a59139b8c8e1241f3692279ebe4f4384bfb22618d9c76d2498106a6eef65de338cef71e3039acf3e248dea5677e954e61446ddf6631361c776c4bc9f8eca786e4c89eb0dc8c8edfc57bcbe843efc4d6fc6249e512a16f06465ef584ab8df3cceb25c4be0e49017c54413be091a5a81f032dcf44a6b4b30434289ae0b34672f592c620d49d7455c92585549263426b3d6176ed5a050b59b455bcd5e6e2e8aee5a3b5ec179b4c005dace567542cbc5bf3c8a29a5b985447a4538aa8d844d17f64b6412ee51fcbdc4a63c8556f4c6e957629ab885dfffb4ddaeb0b8c42234999309a336c6108a542d6a9331c1600a9ba5d74073e080b9eb08e408f942ff6d3e73a3375e0460acca90cd25136215e4b15fb80148c8c20aaad97c8f782b62d7c3157e51107bac02a8218d8b8a1fb4f4fdddcf128879519ae8995fb0763508fcb81004842dec7bd0ab834deed8f36e969f3a092b78813b8a6a15328924887d48ec41bea0689b593c66606601cdf4eef64e484dcf4034dfd1750e98341e8b6ce494342e4f189e5e7dfbe0859486267a15bf21af279c9bccc58947750238a038502c8e2380ab300d8741b95ed0873c60da9d834d53b07d6c6fb49c7c31c39e2ec622a107268c8eb5e5079adcf2647174df55365af3038cc9926b84d8c75180faeacc99cc6a4350942b893d66235fac90f28750a1ef093d6ffca4e413d91a2bf501feeab900495f830e22c4745c2b44ee3e93b9d8612b4bc17a2ebb20587fe497f95347f98f3c50c9c6dd0aa68c9ec92a5df828d60f0f33b9d772b9d76bf913ad203ca42ffd59284b3e25e1e48efb6028fc6c8e86cc5bb7d81783fa50ea4307bbefd6a174071340965ebfc4f0a54864873ae92d81247c05bdaaff30c2c0ef20239ba7e8c8223271bbee97a3f8861b11d9ab65753bd74994fcc7b1eb0b607e31a6b21b37626472a823a6819dd60ce82288b1de3acca3806762558a55711aa408c77b39721753c8037184ae471c879e6ed568c0cd47a2dfe29b667cebdc645b8c143221bb6a9d6acb81507273d7fc52b89ba2cadeada0f576a38367c46ba29530dd922616121f24c0f4f408ca815257429bb5e65b0c8b0d94f1ea081fd82f93e5cad0a314fc371e96a366742c966476605fb370c30b74bdfa0eb9fa97a1b5e1e676c9fbc9052856b88fe450c1c785eb0e5429f3d782e4aefdfe18afa3a961aa1a0cd181672aaaf60305b2a4c49200dc22d4fffe0310d6df",
 "tag": "bb4adfc2af9a0b33b7d47a1dafdf0fc13b577cfe012e56b5796b5b3aa4b39675"
}
