{
 "v": 1,
 "kdf": "scrypt",
 "n": 65536,
 "r": 8,
 "p": 1,
 "salt": "17dd6c060ff7a81e0229d9c8ba2cd924",
 "ct": "cce9db009e7df0d2b34ffc745bc230902a4191fbd693125bafc4176e9e75f83bdb6a8449f521be03adcc91cd95f890a605c11a3c7915eed1bb729599f6173569b2cee80e6371c148596e91676591f1bd67035f316e4f9a2ddfb81a24a3be7c40a133362e05f1c227618330995449763974d914dc39632fe8e710b532ef7a5fd9c24ac20dec936a38f095b1c15e4c9908af8dd9e6ca58c495983faf379837d74a770de1e8726a067a834b2f4d18c41c9b7c9fd3898b8e3133cc9c56d4f30219daedce84c0148ea1d26e79785d78d30a90cf93ae4214daf0160baa70f9cbafc809c54950a0b44b7ffa97e0ab0a5736276b91fa5f7d198e845851fd94e1903e3b8ddf2fe3b33fc04dac36558bbed777396a4152f5c809ea71fb27345b152574e9f2b28a01e93aaa261c316446eb0566935f0977765e75598baf6610e3f508eb0813320d97fb6fd1d2ab1ec28a4d8da62b68055aca05eb26adcf3ee8bd613cf3ea96080f867b9033b90a0cfd54dcb38e6580562a6a0adcc8c119fd914e44e1469b81708f4b",
 "tag": "c14cecee63267d7f1f44c2e81328c6ead292e98fbb13ac93ea51f674fcee9b9a"
}
